
Microsoft Visual Studio Solution File, Format Version 12.00
# Visual Studio 14
VisualStudioVersion = 14.0.25420.1
MinimumVisualStudioVersion = 10.0.40219.1
Project("{FAE04EC0-301F-11D3-BF4B-00C04F79EFBC}") = "Database", "Database\Database.csproj", "{04A0151A-9875-4277-96B7-CCBD7C4A2F8A}"
EndProject
Project("{FAE04EC0-301F-11D3-BF4B-00C04F79EFBC}") = "Service", "Service\Service.csproj", "{F2A1D682-F23A-4DBA-B614-E105F714683B}"
EndProject
Project("{FAE04EC0-301F-11D3-BF4B-00C04F79EFBC}") = "ServiceAccess", "ServiceAccess\ServiceAccess.csproj", "{DBB98465-B31C-41A5-A671-D2E022C67291}"
	ProjectSection(ProjectDependencies) = postProject
		{F2A1D682-F23A-4DBA-B614-E105F714683B} = {F2A1D682-F23A-4DBA-B614-E105F714683B}
	EndProjectSection
EndProject
Project("{FAE04EC0-301F-11D3-BF4B-00C04F79EFBC}") = "ServiceAccess.Tests", "ServiceAccess.Tests\ServiceAccess.Tests.csproj", "{3D8F615B-84F6-4DD7-A5D0-7A17E99F00FB}"
EndProject
Project("{FAE04EC0-301F-11D3-BF4B-00C04F79EFBC}") = "Website", "Website\Website.csproj", "{9F34D0C2-1123-40D2-BB0D-6F3B54BF8DE6}"
EndProject
Global
	GlobalSection(SolutionConfigurationPlatforms) = preSolution
		Debug|Any CPU = Debug|Any CPU
		Release|Any CPU = Release|Any CPU
	EndGlobalSection
	GlobalSection(ProjectConfigurationPlatforms) = postSolution
		{04A0151A-9875-4277-96B7-CCBD7C4A2F8A}.Debug|Any CPU.ActiveCfg = Debug|Any CPU
		{04A0151A-9875-4277-96B7-CCBD7C4A2F8A}.Debug|Any CPU.Build.0 = Debug|Any CPU
		{04A0151A-9875-4277-96B7-CCBD7C4A2F8A}.Release|Any CPU.ActiveCfg = Release|Any CPU
		{04A0151A-9875-4277-96B7-CCBD7C4A2F8A}.Release|Any CPU.Build.0 = Release|Any CPU
		{F2A1D682-F23A-4DBA-B614-E105F714683B}.Debug|Any CPU.ActiveCfg = Debug|Any CPU
		{F2A1D682-F23A-4DBA-B614-E105F714683B}.Debug|Any CPU.Build.0 = Debug|Any CPU
		{F2A1D682-F23A-4DBA-B614-E105F714683B}.Release|Any CPU.ActiveCfg = Release|Any CPU
		{F2A1D682-F23A-4DBA-B614-E105F714683B}.Release|Any CPU.Build.0 = Release|Any CPU
		{DBB98465-B31C-41A5-A671-D2E022C67291}.Debug|Any CPU.ActiveCfg = Debug|Any CPU
		{DBB98465-B31C-41A5-A671-D2E022C67291}.Debug|Any CPU.Build.0 = Debug|Any CPU
		{DBB98465-B31C-41A5-A671-D2E022C67291}.Release|Any CPU.ActiveCfg = Release|Any CPU
		{DBB98465-B31C-41A5-A671-D2E022C67291}.Release|Any CPU.Build.0 = Release|Any CPU
		{3D8F615B-84F6-4DD7-A5D0-7A17E99F00FB}.Debug|Any CPU.ActiveCfg = Debug|Any CPU
		{3D8F615B-84F6-4DD7-A5D0-7A17E99F00FB}.Debug|Any CPU.Build.0 = Debug|Any CPU
		{3D8F615B-84F6-4DD7-A5D0-7A17E99F00FB}.Release|Any CPU.ActiveCfg = Release|Any CPU
		{3D8F615B-84F6-4DD7-A5D0-7A17E99F00FB}.Release|Any CPU.Build.0 = Release|Any CPU
		{9F34D0C2-1123-40D2-BB0D-6F3B54BF8DE6}.Debug|Any CPU.ActiveCfg = Debug|Any CPU
		{9F34D0C2-1123-40D2-BB0D-6F3B54BF8DE6}.Debug|Any CPU.Build.0 = Debug|Any CPU
		{9F34D0C2-1123-40D2-BB0D-6F3B54BF8DE6}.Release|Any CPU.ActiveCfg = Release|Any CPU
		{9F34D0C2-1123-40D2-BB0D-6F3B54BF8DE6}.Release|Any CPU.Build.0 = Release|Any CPU
	EndGlobalSection
	GlobalSection(SolutionProperties) = preSolution
		HideSolutionNode = FALSE
	EndGlobalSection
EndGlobal
